{
  "version": 4,
  "terraform_version": "1.11.4",
  "serial": 16,
  "lineage": "7b235406-9b5d-f2dc-a7f0-3a2ccb0f646e",
  "outputs": {},
  "resources": [
    {
      "mode": "managed",
      "type": "aws_iam_user",
      "name": "besant_class",
      "provider": "provider[\"registry.terraform.io/hashicorp/aws\"]",
      "instances": [
        {
          "schema_version": 0,
          "attributes": {
            "arn": "arn:aws:iam::971422704465:user/iam_besant",
            "force_destroy": false,
            "id": "iam_besant",
            "name": "iam_besant",
            "path": "/",
            "permissions_boundary": "",
            "tags": null,
            "tags_all": {},
            "unique_id": "AIDA6ELKOENIYZ36CNZ2T"
          },
          "sensitive_attributes": [],
          "private": "bnVsbA=="
        }
      ]
    },
    {
      "mode": "managed",
      "type": "aws_iam_user_policy_attachment",
      "name": "pooja_test_ec2_access",
      "provider": "provider[\"registry.terraform.io/hashicorp/aws\"]",
      "instances": [
        {
          "schema_version": 0,
          "attributes": {
            "id": "iam_besant-20251203011559598800000001",
            "policy_arn": "arn:aws:iam::aws:policy/AmazonEC2FullAccess",
            "user": "iam_besant"
          },
          "sensitive_attributes": [],
          "private": "bnVsbA==",
          "dependencies": [
            "aws_iam_user.besant_class"
          ]
        }
      ]
    }
  ],
  "check_results": null
}
